{
  "object": {
    "pins": [
      {
        "package": "Granite",
        "repositoryURL": "git@github.com:riteshpakala/granite.git",
        "state": {
          "branch": "master",
          "revision": "24b1fc8d43bf1c268b5d75837a5a53d43dd176e1",
          "version": null
        }
      }
    ]
  },
  "version": 1
}
